
Microsoft Visual Studio Solution File, Format Version 11.00
# Visual C# Express 2010
Project("{FAE04EC0-301F-11D3-BF4B-00C04F79EFBC}") = "TestesAulaLp", "TestesAulaLp\TestesAulaLp.csproj", "{1A49F666-2841-479E-A00F-3A984C6B6476}"
EndProject
Global
	GlobalSection(SolutionConfigurationPlatforms) = preSolution
		Debug|x86 = Debug|x86
		Release|x86 = Release|x86
	EndGlobalSection
	GlobalSection(ProjectConfigurationPlatforms) = postSolution
		{1A49F666-2841-479E-A00F-3A984C6B6476}.Debug|x86.ActiveCfg = Debug|x86
		{1A49F666-2841-479E-A00F-3A984C6B6476}.Debug|x86.Build.0 = Debug|x86
		{1A49F666-2841-479E-A00F-3A984C6B6476}.Release|x86.ActiveCfg = Release|x86
		{1A49F666-2841-479E-A00F-3A984C6B6476}.Release|x86.Build.0 = Release|x86
	EndGlobalSection
	GlobalSection(SolutionProperties) = preSolution
		HideSolutionNode = FALSE
	EndGlobalSection
EndGlobal
